
Microsoft Visual Studio Solution File, Format Version 12.00
# Visual Studio Version 17
VisualStudioVersion = 17.1.32319.34
MinimumVisualStudioVersion = 10.0.40219.1
Project("{FAE04EC0-301F-11D3-BF4B-00C04F79EFBC}") = "WINFORM_PRAC", "WINFORM_PRAC\WINFORM_PRAC.csproj", "{9FD224A1-DC83-44F6-96D7-5E4049BBE7A0}"
EndProject
Global
	GlobalSection(SolutionConfigurationPlatforms) = preSolution
		Debug|Any CPU = Debug|Any CPU
		Release|Any CPU = Release|Any CPU
	EndGlobalSection
	GlobalSection(ProjectConfigurationPlatforms) = postSolution
		{9FD224A1-DC83-44F6-96D7-5E4049BBE7A0}.Debug|Any CPU.ActiveCfg = Debug|Any CPU
		{9FD224A1-DC83-44F6-96D7-5E4049BBE7A0}.Debug|Any CPU.Build.0 = Debug|Any CPU
		{9FD224A1-DC83-44F6-96D7-5E4049BBE7A0}.Release|Any CPU.ActiveCfg = Release|Any CPU
		{9FD224A1-DC83-44F6-96D7-5E4049BBE7A0}.Release|Any CPU.Build.0 = Release|Any CPU
	EndGlobalSection
	GlobalSection(SolutionProperties) = preSolution
		HideSolutionNode = FALSE
	EndGlobalSection
	GlobalSection(ExtensibilityGlobals) = postSolution
		SolutionGuid = {FB0205D8-B63D-437F-8D34-82DDA278C403}
	EndGlobalSection
EndGlobal
